
Microsoft Visual Studio Solution File, Format Version 12.00
# Visual Studio 15
VisualStudioVersion = 15.0.27130.2027
MinimumVisualStudioVersion = 10.0.40219.1
Project("{FAE04EC0-301F-11D3-BF4B-00C04F79EFBC}") = "CareerAnalytics-dev", "CareerAnalytics-dev\CareerAnalytics-dev.csproj", "{38848A8D-5BB7-4EDF-B3E7-A4D2F03EDC8C}"
EndProject
Global
	GlobalSection(SolutionConfigurationPlatforms) = preSolution
		Debug|Any CPU = Debug|Any CPU
		Release|Any CPU = Release|Any CPU
	EndGlobalSection
	GlobalSection(ProjectConfigurationPlatforms) = postSolution
		{38848A8D-5BB7-4EDF-B3E7-A4D2F03EDC8C}.Debug|Any CPU.ActiveCfg = Debug|Any CPU
		{38848A8D-5BB7-4EDF-B3E7-A4D2F03EDC8C}.Debug|Any CPU.Build.0 = Debug|Any CPU
		{38848A8D-5BB7-4EDF-B3E7-A4D2F03EDC8C}.Release|Any CPU.ActiveCfg = Release|Any CPU
		{38848A8D-5BB7-4EDF-B3E7-A4D2F03EDC8C}.Release|Any CPU.Build.0 = Release|Any CPU
	EndGlobalSection
	GlobalSection(SolutionProperties) = preSolution
		HideSolutionNode = FALSE
	EndGlobalSection
	GlobalSection(ExtensibilityGlobals) = postSolution
		SolutionGuid = {176BDC78-FDB8-4654-83E2-7E6FF7D14C79}
	EndGlobalSection
	GlobalSection(TeamFoundationVersionControl) = preSolution
		SccNumberOfProjects = 2
		SccEnterpriseProvider = {4CA58AB2-18FA-4F8D-95D4-32DDF27D184C}
		SccTeamFoundationServer = https://itic-tfs-app.eil-server.cba.ua.edu/tfs/capstone
		SccLocalPath0 = .
		SccProjectUniqueName1 = CareerAnalytics-dev\\CareerAnalytics-dev.csproj
		SccProjectName1 = CareerAnalytics-dev
		SccLocalPath1 = CareerAnalytics-dev
	EndGlobalSection
EndGlobal
